
Microsoft Visual Studio Solution File, Format Version 12.00
# Visual Studio 15
VisualStudioVersion = 15.0.27004.2006
MinimumVisualStudioVersion = 10.0.40219.1
Project("{9A19103F-16F7-4668-BE54-9A1E7A4F7556}") = "Vostok.Airlock.Consumer", "Vostok.Airlock.Consumer\Vostok.Airlock.Consumer.csproj", "{D11DD2E1-0296-4FA1-8630-CF0A453EFF0C}"
EndProject
Project("{9A19103F-16F7-4668-BE54-9A1E7A4F7556}") = "Vostok.Airlock.Consumer.Tests", "Vostok.Airlock.Consumer.Tests\Vostok.Airlock.Consumer.Tests.csproj", "{A0B4778F-1D4E-4C2A-A00A-305E64A23C5E}"
EndProject
Project("{9A19103F-16F7-4668-BE54-9A1E7A4F7556}") = "Vostok.Airlock.Consumer.Logs", "Vostok.Airlock.Consumer.Logs\Vostok.Airlock.Consumer.Logs.csproj", "{9530980E-F85B-4BBE-A9B2-1A5AFC17690D}"
EndProject
Project("{9A19103F-16F7-4668-BE54-9A1E7A4F7556}") = "Vostok.Airlock.Consumer.Tracing", "Vostok.Airlock.Consumer.Tracing\Vostok.Airlock.Consumer.Tracing.csproj", "{F036003D-19B4-483D-AE4F-A16E72C6A59A}"
EndProject
Project("{9A19103F-16F7-4668-BE54-9A1E7A4F7556}") = "Vostok.Airlock.Consumer.MetricsAggregator", "Vostok.Airlock.Consumer.MetricsAggregator\Vostok.Airlock.Consumer.MetricsAggregator.csproj", "{2EE56F16-BB70-4E79-B7F0-1055898F6DC1}"
EndProject
Project("{9A19103F-16F7-4668-BE54-9A1E7A4F7556}") = "Vostok.Airlock.Consumer.Metrics", "Vostok.Airlock.Consumer.Metrics\Vostok.Airlock.Consumer.Metrics.csproj", "{44C2BEF5-A7BA-42D7-BC2B-B4A2D0576AD5}"
EndProject
Project("{9A19103F-16F7-4668-BE54-9A1E7A4F7556}") = "Vostok.Airlock.Consumer.Sample", "Vostok.Airlock.Consumer.Sample\Vostok.Airlock.Consumer.Sample.csproj", "{FCD81500-9B71-4641-99AE-D04F6C3047D7}"
EndProject
Project("{9A19103F-16F7-4668-BE54-9A1E7A4F7556}") = "Vostok.Airlock.Consumer.Sentry", "Vostok.Airlock.Consumer.Sentry\Vostok.Airlock.Consumer.Sentry.csproj", "{33ABE80D-BC36-4AE2-BCBD-3FE643185A3A}"
EndProject
Project("{9A19103F-16F7-4668-BE54-9A1E7A4F7556}") = "Vostok.Airlock.Consumer.IntergationTests", "Vostok.Airlock.Consumer.IntergationTests\Vostok.Airlock.Consumer.IntergationTests.csproj", "{3BD377F5-AA40-4D50-B479-A171F04AFBAA}"
EndProject
Global
	GlobalSection(SolutionConfigurationPlatforms) = preSolution
		Debug|Any CPU = Debug|Any CPU
		Release|Any CPU = Release|Any CPU
	EndGlobalSection
	GlobalSection(ProjectConfigurationPlatforms) = postSolution
		{D11DD2E1-0296-4FA1-8630-CF0A453EFF0C}.Debug|Any CPU.ActiveCfg = Debug|Any CPU
		{D11DD2E1-0296-4FA1-8630-CF0A453EFF0C}.Debug|Any CPU.Build.0 = Debug|Any CPU
		{D11DD2E1-0296-4FA1-8630-CF0A453EFF0C}.Release|Any CPU.ActiveCfg = Release|Any CPU
		{D11DD2E1-0296-4FA1-8630-CF0A453EFF0C}.Release|Any CPU.Build.0 = Release|Any CPU
		{A0B4778F-1D4E-4C2A-A00A-305E64A23C5E}.Debug|Any CPU.ActiveCfg = Debug|Any CPU
		{A0B4778F-1D4E-4C2A-A00A-305E64A23C5E}.Debug|Any CPU.Build.0 = Debug|Any CPU
		{A0B4778F-1D4E-4C2A-A00A-305E64A23C5E}.Release|Any CPU.ActiveCfg = Release|Any CPU
		{A0B4778F-1D4E-4C2A-A00A-305E64A23C5E}.Release|Any CPU.Build.0 = Release|Any CPU
		{9530980E-F85B-4BBE-A9B2-1A5AFC17690D}.Debug|Any CPU.ActiveCfg = Debug|Any CPU
		{9530980E-F85B-4BBE-A9B2-1A5AFC17690D}.Debug|Any CPU.Build.0 = Debug|Any CPU
		{9530980E-F85B-4BBE-A9B2-1A5AFC17690D}.Release|Any CPU.ActiveCfg = Release|Any CPU
		{9530980E-F85B-4BBE-A9B2-1A5AFC17690D}.Release|Any CPU.Build.0 = Release|Any CPU
		{F036003D-19B4-483D-AE4F-A16E72C6A59A}.Debug|Any CPU.ActiveCfg = Debug|Any CPU
		{F036003D-19B4-483D-AE4F-A16E72C6A59A}.Debug|Any CPU.Build.0 = Debug|Any CPU
		{F036003D-19B4-483D-AE4F-A16E72C6A59A}.Release|Any CPU.ActiveCfg = Release|Any CPU
		{F036003D-19B4-483D-AE4F-A16E72C6A59A}.Release|Any CPU.Build.0 = Release|Any CPU
		{2EE56F16-BB70-4E79-B7F0-1055898F6DC1}.Debug|Any CPU.ActiveCfg = Debug|Any CPU
		{2EE56F16-BB70-4E79-B7F0-1055898F6DC1}.Debug|Any CPU.Build.0 = Debug|Any CPU
		{2EE56F16-BB70-4E79-B7F0-1055898F6DC1}.Release|Any CPU.ActiveCfg = Release|Any CPU
		{2EE56F16-BB70-4E79-B7F0-1055898F6DC1}.Release|Any CPU.Build.0 = Release|Any CPU
		{44C2BEF5-A7BA-42D7-BC2B-B4A2D0576AD5}.Debug|Any CPU.ActiveCfg = Debug|Any CPU
		{44C2BEF5-A7BA-42D7-BC2B-B4A2D0576AD5}.Debug|Any CPU.Build.0 = Debug|Any CPU
		{44C2BEF5-A7BA-42D7-BC2B-B4A2D0576AD5}.Release|Any CPU.ActiveCfg = Release|Any CPU
		{44C2BEF5-A7BA-42D7-BC2B-B4A2D0576AD5}.Release|Any CPU.Build.0 = Release|Any CPU
		{FCD81500-9B71-4641-99AE-D04F6C3047D7}.Debug|Any CPU.ActiveCfg = Debug|Any CPU
		{FCD81500-9B71-4641-99AE-D04F6C3047D7}.Debug|Any CPU.Build.0 = Debug|Any CPU
		{FCD81500-9B71-4641-99AE-D04F6C3047D7}.Release|Any CPU.ActiveCfg = Release|Any CPU
		{FCD81500-9B71-4641-99AE-D04F6C3047D7}.Release|Any CPU.Build.0 = Release|Any CPU
		{33ABE80D-BC36-4AE2-BCBD-3FE643185A3A}.Debug|Any CPU.ActiveCfg = Debug|Any CPU
		{33ABE80D-BC36-4AE2-BCBD-3FE643185A3A}.Debug|Any CPU.Build.0 = Debug|Any CPU
		{33ABE80D-BC36-4AE2-BCBD-3FE643185A3A}.Release|Any CPU.ActiveCfg = Release|Any CPU
		{33ABE80D-BC36-4AE2-BCBD-3FE643185A3A}.Release|Any CPU.Build.0 = Release|Any CPU
		{3BD377F5-AA40-4D50-B479-A171F04AFBAA}.Debug|Any CPU.ActiveCfg = Debug|Any CPU
		{3BD377F5-AA40-4D50-B479-A171F04AFBAA}.Debug|Any CPU.Build.0 = Debug|Any CPU
		{3BD377F5-AA40-4D50-B479-A171F04AFBAA}.Release|Any CPU.ActiveCfg = Release|Any CPU
		{3BD377F5-AA40-4D50-B479-A171F04AFBAA}.Release|Any CPU.Build.0 = Release|Any CPU
	EndGlobalSection
	GlobalSection(SolutionProperties) = preSolution
		HideSolutionNode = FALSE
	EndGlobalSection
	GlobalSection(ExtensibilityGlobals) = postSolution
		SolutionGuid = {42D3E64F-3D4B-4002-AE5F-2BA4948C4C11}
	EndGlobalSection
EndGlobal
